
Microsoft Visual Studio Solution File, Format Version 12.00
# Visual Studio 15
VisualStudioVersion = 15.0.27703.2018
MinimumVisualStudioVersion = 10.0.40219.1
Project("{FAE04EC0-301F-11D3-BF4B-00C04F79EFBC}") = "numbers 1", "numbers 1\numbers 1.csproj", "{EE34B966-2B63-490C-9244-053FE9B34BA7}"
EndProject
Global
	GlobalSection(SolutionConfigurationPlatforms) = preSolution
		Debug|Any CPU = Debug|Any CPU
		Release|Any CPU = Release|Any CPU
	EndGlobalSection
	GlobalSection(ProjectConfigurationPlatforms) = postSolution
		{EE34B966-2B63-490C-9244-053FE9B34BA7}.Debug|Any CPU.ActiveCfg = Debug|Any CPU
		{EE34B966-2B63-490C-9244-053FE9B34BA7}.Debug|Any CPU.Build.0 = Debug|Any CPU
		{EE34B966-2B63-490C-9244-053FE9B34BA7}.Release|Any CPU.ActiveCfg = Release|Any CPU
		{EE34B966-2B63-490C-9244-053FE9B34BA7}.Release|Any CPU.Build.0 = Release|Any CPU
	EndGlobalSection
	GlobalSection(SolutionProperties) = preSolution
		HideSolutionNode = FALSE
	EndGlobalSection
	GlobalSection(ExtensibilityGlobals) = postSolution
		SolutionGuid = {C889EA60-36E2-4B7C-8858-FF2D2F7CB53F}
	EndGlobalSection
EndGlobal
